// !$*UTF8*$!
{
	archiveVersion = 1;
	classes = {
	};
	objectVersion = 46;
	objects = {

/* Begin PBXBuildFile section */
		4D12EECB1E528BEF00E87D5A /* AppDelegate.swift in Sources */ = {isa = PBXBuildFile; fileRef = 4D12EECA1E528BEF00E87D5A /* AppDelegate.swift */; };
		4D12EECD1E528BEF00E87D5A /* ViewController.swift in Sources */ = {isa = PBXBuildFile; fileRef = 4D12EECC1E528BEF00E87D5A /* ViewController.swift */; };
		4D12EED01E528BEF00E87D5A /* Main.storyboard in Resources */ = {isa = PBXBuildFile; fileRef = 4D12EECE1E528BEF00E87D5A /* Main.storyboard */; };
		4D12EED21E528BEF00E87D5A /* Assets.xcassets in Resources */ = {isa = PBXBuildFile; fileRef = 4D12EED11E528BEF00E87D5A /* Assets.xcassets */; };
		4D12EED51E528BEF00E87D5A /* LaunchScreen.storyboard in Resources */ = {isa = PBXBuildFile; fileRef = 4D12EED31E528BEF00E87D5A /* LaunchScreen.storyboard */; };
		4D12EEDD1E5682CB00E87D5A /* AboutViewController.swift in Sources */ = {isa = PBXBuildFile; fileRef = 4D12EEDC1E5682CB00E87D5A /* AboutViewController.swift */; };
		4DEC8A661E5697E90018CF09 /* Default-568h@2x.png in Resources */ = {isa = PBXBuildFile; fileRef = 4DEC8A651E5697E90018CF09 /* Default-568h@2x.png */; };
		4DEC8A681E5697FD0018CF09 /* BullsEye.html in Resources */ = {isa = PBXBuildFile; fileRef = 4DEC8A671E5697FD0018CF09 /* BullsEye.html */; };
/* End PBXBuildFile section */

/* Begin PBXFileReference section */
		4D12EEC71E528BEF00E87D5A /* BullsEye.app */ = {isa = PBXFileReference; explicitFileType = wrapper.application; includeInIndex = 0; path = BullsEye.app; sourceTree = BUILT_PRODUCTS_DIR; };
		4D12EECA1E528BEF00E87D5A /* AppDelegate.swift */ = {isa = PBXFileReference; lastKnownFileType = sourcecode.swift; path = AppDelegate.swift; sourceTree = "<group>"; };
		4D12EECC1E528BEF00E87D5A /* ViewController.swift */ = {isa = PBXFileReference; lastKnownFileType = sourcecode.swift; path = ViewController.swift; sourceTree = "<group>"; };
		4D12EECF1E528BEF00E87D5A /* Base */ = {isa = PBXFileReference; lastKnownFileType = file.storyboard; name = Base; path = Base.lproj/Main.storyboard; sourceTree = "<group>"; };
		4D12EED11E528BEF00E87D5A /* Assets.xcassets */ = {isa = PBXFileReference; lastKnownFileType = folder.assetcatalog; path = Assets.xcassets; sourceTree = "<group>"; };
		4D12EED41E528BEF00E87D5A /* Base */ = {isa = PBXFileReference; lastKnownFileType = file.storyboard; name = Base; path = Base.lproj/LaunchScreen.storyboard; sourceTree = "<group>"; };
		4D12EED61E528BEF00E87D5A /* Info.plist */ = {isa = PBXFileReference; lastKnownFileType = text.plist.xml; path = Info.plist; sourceTree = "<group>"; };
		4D12EEDC1E5682CB00E87D5A /* AboutViewController.swift */ = {isa = PBXFileReference; fileEncoding = 4; lastKnownFileType = sourcecode.swift; path = AboutViewController.swift; sourceTree = "<group>"; };
		4DEC8A651E5697E90018CF09 /* Default-568h@2x.png */ = {isa = PBXFileReference; lastKnownFileType = image.png; name = "Default-568h@2x.png"; path = "Resources/Launch Images/Default-568h@2x.png"; sourceTree = SOURCE_ROOT; };
		4DEC8A671E5697FD0018CF09 /* BullsEye.html */ = {isa = PBXFileReference; fileEncoding = 4; lastKnownFileType = text.html; name = BullsEye.html; path = Resources/BullsEye.html; sourceTree = SOURCE_ROOT; };
/* End PBXFileReference section */

/* Begin PBXFrameworksBuildPhase section */
		4D12EEC41E528BEF00E87D5A /* Frameworks */ = {
			isa = PBXFrameworksBuildPhase;
			buildActionMask = 2147483647;
			files = (
			);
			runOnlyForDeploymentPostprocessing = 0;
		};
/* End PBXFrameworksBuildPhase section */

/* Begin PBXGroup section */
		4D12EEBE1E528BEF00E87D5A = {
			isa = PBXGroup;
			children = (
				4D12EEC91E528BEF00E87D5A /* BullsEye */,
				4D12EEC81E528BEF00E87D5A /* Products */,
			);
			sourceTree = "<group>";
		};
		4D12EEC81E528BEF00E87D5A /* Products */ = {
			isa = PBXGroup;
			children = (
				4D12EEC71E528BEF00E87D5A /* BullsEye.app */,
			);
			name = Products;
			sourceTree = "<group>";
		};
		4D12EEC91E528BEF00E87D5A /* BullsEye */ = {
			isa = PBXGroup;
			children = (
				4DEC8A671E5697FD0018CF09 /* BullsEye.html */,
				4DEC8A651E5697E90018CF09 /* Default-568h@2x.png */,
				4D12EECA1E528BEF00E87D5A /* AppDelegate.swift */,
				4D12EECC1E528BEF00E87D5A /* ViewController.swift */,
				4D12EEDC1E5682CB00E87D5A /* AboutViewController.swift */,
				4D12EECE1E528BEF00E87D5A /* Main.storyboard */,
				4D12EED11E528BEF00E87D5A /* Assets.xcassets */,
				4D12EED31E528BEF00E87D5A /* LaunchScreen.storyboard */,
				4D12EED61E528BEF00E87D5A /* Info.plist */,
			);
			path = BullsEye;
			sourceTree = "<group>";
		};
/* End PBXGroup section */

/* Begin PBXNativeTarget section */
		4D12EEC61E528BEF00E87D5A /* BullsEye */ = {
			isa = PBXNativeTarget;
			buildConfigurationList = 4D12EED91E528BEF00E87D5A /* Build configuration list for PBXNativeTarget "BullsEye" */;
			buildPhases = (
				4D12EEC31E528BEF00E87D5A /* Sources */,
				4D12EEC41E528BEF00E87D5A /* Frameworks */,
				4D12EEC51E528BEF00E87D5A /* Resources */,
			);
			buildRules = (
			);
			dependencies = (
			);
			name = BullsEye;
			productName = BullsEye;
			productReference = 4D12EEC71E528BEF00E87D5A /* BullsEye.app */;
			productType = "com.apple.product-type.application";
		};
/* End PBXNativeTarget section */

/* Begin PBXProject section */
		4D12EEBF1E528BEF00E87D5A /* Project object */ = {
			isa = PBXProject;
			attributes = {
				LastSwiftUpdateCheck = 0820;
				LastUpgradeCheck = 0820;
				ORGANIZATIONNAME = Ruofeng;
				TargetAttributes = {
					4D12EEC61E528BEF00E87D5A = {
						CreatedOnToolsVersion = 8.2.1;
						DevelopmentTeam = 7XU99E8K2E;
						ProvisioningStyle = Automatic;
					};
				};
			};
			buildConfigurationList = 4D12EEC21E528BEF00E87D5A /* Build configuration list for PBXProject "BullsEye" */;
			compatibilityVersion = "Xcode 3.2";
			developmentRegion = English;
			hasScannedForEncodings = 0;
			knownRegions = (
				en,
				Base,
			);
			mainGroup = 4D12EEBE1E528BEF00E87D5A;
			productRefGroup = 4D12EEC81E528BEF00E87D5A /* Products */;
			projectDirPath = "";
			projectRoot = "";
			targets = (
				4D12EEC61E528BEF00E87D5A /* BullsEye */,
			);
		};
/* End PBXProject section */

/* Begin PBXResourcesBuildPhase section */
		4D12EEC51E528BEF00E87D5A /* Resources */ = {
			isa = PBXResourcesBuildPhase;
			buildActionMask = 2147483647;
			files = (
				4D12EED51E528BEF00E87D5A /* LaunchScreen.storyboard in Resources */,
				4D12EED21E528BEF00E87D5A /* Assets.xcassets in Resources */,
				4DEC8A661E5697E90018CF09 /* Default-568h@2x.png in Resources */,
				4D12EED01E528BEF00E87D5A /* Main.storyboard in Resources */,
				4DEC8A681E5697FD0018CF09 /* BullsEye.html in Resources */,
			);
			runOnlyForDeploymentPostprocessing = 0;
		};
/* End PBXResourcesBuildPhase section */

/* Begin PBXSourcesBuildPhase section */
		4D12EEC31E528BEF00E87D5A /* Sources */ = {
			isa = PBXSourcesBuildPhase;
			buildActionMask = 2147483647;
			files = (
				4D12EEDD1E5682CB00E87D5A /* AboutViewController.swift in Sources */,
				4D12EECD1E528BEF00E87D5A /* ViewController.swift in Sources */,
				4D12EECB1E528BEF00E87D5A /* AppDelegate.swift in Sources */,
			);
			runOnlyForDeploymentPostprocessing = 0;
		};
/* End PBXSourcesBuildPhase section */

/* Begin PBXVariantGroup section */
		4D12EECE1E528BEF00E87D5A /* Main.storyboard */ = {
			isa = PBXVariantGroup;
			children = (
				4D12EECF1E528BEF00E87D5A /* Base */,
			);
			name = Main.storyboard;
			sourceTree = "<group>";
		};
		4D12EED31E528BEF00E87D5A /* LaunchScreen.storyboard */ = {
			isa = PBXVariantGroup;
			children = (
				4D12EED41E528BEF00E87D5A /* Base */,
			);
			name = LaunchScreen.storyboard;
			sourceTree = "<group>";
		};
/* End PBXVariantGroup section */

/* Begin XCBuildConfiguration section */
		4D12EED71E528BEF00E87D5A /* Debug */ = {
			isa = XCBuildConfiguration;
			buildSettings = {
				ALWAYS_SEARCH_USER_PATHS = NO;
				CLANG_ANALYZER_NONNULL = YES;
				CLANG_CXX_LANGUAGE_STANDARD = "gnu++0x";
				CLANG_CXX_LIBRARY = "libc++";
				CLANG_ENABLE_MODULES = YES;
				CLANG_ENABLE_OBJC_ARC = YES;
				CLANG_WARN_BOOL_CONVERSION = YES;
				CLANG_WARN_CONSTANT_CONVERSION = YES;
				CLANG_WARN_DIRECT_OBJC_ISA_USAGE = YES_ERROR;
				CLANG_WARN_DOCUMENTATION_COMMENTS = YES;
				CLANG_WARN_EMPTY_BODY = YES;
				CLANG_WARN_ENUM_CONVERSION = YES;
				CLANG_WARN_INFINITE_RECURSION = YES;
				CLANG_WARN_INT_CONVERSION = YES;
				CLANG_WARN_OBJC_ROOT_CLASS = YES_ERROR;
				CLANG_WARN_SUSPICIOUS_MOVE = YES;
				CLANG_WARN_UNREACHABLE_CODE = YES;
				CLANG_WARN__DUPLICATE_METHOD_MATCH = YES;
				"CODE_SIGN_IDENTITY[sdk=iphoneos*]" = "iPhone Developer";
				COPY_PHASE_STRIP = NO;
				DEBUG_INFORMATION_FORMAT = dwarf;
				ENABLE_STRICT_OBJC_MSGSEND = YES;
				ENABLE_TESTABILITY = YES;
				GCC_C_LANGUAGE_STANDARD = gnu99;
				GCC_DYNAMIC_NO_PIC = NO;
				GCC_NO_COMMON_BLOCKS = YES;
				GCC_OPTIMIZATION_LEVEL = 0;
				GCC_PREPROCESSOR_DEFINITIONS = (
					"DEBUG=1",
					"$(inherited)",
				);
				GCC_WARN_64_TO_32_BIT_CONVERSION = YES;
				GCC_WARN_ABOUT_RETURN_TYPE = YES_ERROR;
				GCC_WARN_UNDECLARED_SELECTOR = YES;
				GCC_WARN_UNINITIALIZED_AUTOS = YES_AGGRESSIVE;
				GCC_WARN_UNUSED_FUNCTION = YES;
				GCC_WARN_UNUSED_VARIABLE = YES;
				IPHONEOS_DEPLOYMENT_TARGET = 10.2;
				MTL_ENABLE_DEBUG_INFO = YES;
				ONLY_ACTIVE_ARCH = YES;
				SDKROOT = iphoneos;
				SWIFT_ACTIVE_COMPILATION_CONDITIONS = DEBUG;
				SWIFT_OPTIMIZATION_LEVEL = "-Onone";
			};
			name = Debug;
		};
		4D12EED81E528BEF00E87D5A /* Release */ = {
			isa = XCBuildConfiguration;
			buildSettings = {
				ALWAYS_SEARCH_USER_PATHS = NO;
				CLANG_ANALYZER_NONNULL = YES;
				CLANG_CXX_LANGUAGE_STANDARD = "gnu++0x";
				CLANG_CXX_LIBRARY = "libc++";
				CLANG_ENABLE_MODULES = YES;
				CLANG_ENABLE_OBJC_ARC = YES;
				CLANG_WARN_BOOL_CONVERSION = YES;
				CLANG_WARN_CONSTANT_CONVERSION = YES;
				CLANG_WARN_DIRECT_OBJC_ISA_USAGE = YES_ERROR;
				CLANG_WARN_DOCUMENTATION_COMMENTS = YES;
				CLANG_WARN_EMPTY_BODY = YES;
				CLANG_WARN_ENUM_CONVERSION = YES;
				CLANG_WARN_INFINITE_RECURSION = YES;
				CLANG_WARN_INT_CONVERSION = YES;
				CLANG_WARN_OBJC_ROOT_CLASS = YES_ERROR;
				CLANG_WARN_SUSPICIOUS_MOVE = YES;
				CLANG_WARN_UNREACHABLE_CODE = YES;
				CLANG_WARN__DUPLICATE_METHOD_MATCH = YES;
				"CODE_SIGN_IDENTITY[sdk=iphoneos*]" = "iPhone Developer";
				COPY_PHASE_STRIP = NO;
				DEBUG_INFORMATION_FORMAT = "dwarf-with-dsym";
				ENABLE_NS_ASSERTIONS = NO;
				ENABLE_STRICT_OBJC_MSGSEND = YES;
				GCC_C_LANGUAGE_STANDARD = gnu99;
				GCC_NO_COMMON_BLOCKS = YES;
				GCC_WARN_64_TO_32_BIT_CONVERSION = YES;
				GCC_WARN_ABOUT_RETURN_TYPE = YES_ERROR;
				GCC_WARN_UNDECLARED_SELECTOR = YES;
				GCC_WARN_UNINITIALIZED_AUTOS = YES_AGGRESSIVE;
				GCC_WARN_UNUSED_FUNCTION = YES;
				GCC_WARN_UNUSED_VARIABLE = YES;
				IPHONEOS_DEPLOYMENT_TARGET = 10.2;
				MTL_ENABLE_DEBUG_INFO = NO;
				SDKROOT = iphoneos;
				SWIFT_OPTIMIZATION_LEVEL = "-Owholemodule";
				VALIDATE_PRODUCT = YES;
			};
			name = Release;
		};
		4D12EEDA1E528BEF00E87D5A /* Debug */ = {
			isa = XCBuildConfiguration;
			buildSettings = {
				ASSETCATALOG_COMPILER_APPICON_NAME = AppIcon;
				DEVELOPMENT_TEAM = 7XU99E8K2E;
				INFOPLIST_FILE = BullsEye/Info.plist;
				LD_RUNPATH_SEARCH_PATHS = "$(inherited) @executable_path/Frameworks";
				PRODUCT_BUNDLE_IDENTIFIER = com.ruofeng.BullsEye;
				PRODUCT_NAME = "$(TARGET_NAME)";
				SWIFT_VERSION = 3.0;
			};
			name = Debug;
		};
		4D12EEDB1E528BEF00E87D5A /* Release */ = {
			isa = XCBuildConfiguration;
			buildSettings = {
				ASSETCATALOG_COMPILER_APPICON_NAME = AppIcon;
				DEVELOPMENT_TEAM = 7XU99E8K2E;
				INFOPLIST_FILE = BullsEye/Info.plist;
				LD_RUNPATH_SEARCH_PATHS = "$(inherited) @executable_path/Frameworks";
				PRODUCT_BUNDLE_IDENTIFIER = com.ruofeng.BullsEye;
				PRODUCT_NAME = "$(TARGET_NAME)";
				SWIFT_VERSION = 3.0;
			};
			name = Release;
		};
/* End XCBuildConfiguration section */

/* Begin XCConfigurationList section */
		4D12EEC21E528BEF00E87D5A /* Build configuration list for PBXProject "BullsEye" */ = {
			isa = XCConfigurationList;
			buildConfigurations = (
				4D12EED71E528BEF00E87D5A /* Debug */,
				4D12EED81E528BEF00E87D5A /* Release */,
			);
			defaultConfigurationIsVisible = 0;
			defaultConfigurationName = Release;
		};
		4D12EED91E528BEF00E87D5A /* Build configuration list for PBXNativeTarget "BullsEye" */ = {
			isa = XCConfigurationList;
			buildConfigurations = (
				4D12EEDA1E528BEF00E87D5A /* Debug */,
				4D12EEDB1E528BEF00E87D5A /* Release */,
			);
			defaultConfigurationIsVisible = 0;
			defaultConfigurationName = Release;
		};
/* End XCConfigurationList section */
	};
	rootObject = 4D12EEBF1E528BEF00E87D5A /* Project object */;
}
